{
  "name": "bigfive",
  "version": "3.0.0",
  "lockfileVersion": 1,
  "requires": true,
  "dependencies": {
    "async": {
      "version": "2.6.0",
      "resolved": "https://registry.npmjs.org/async/-/async-2.6.0.tgz",
      "integrity": "sha512-xAfGg1/NTLBBKlHFmnd7PlmUW9KhVQIUuSrYem9xzFUZy13ScvtyGGejaae9iAVRiRq9+Cx7DPFaAAhCpyxyPw==",
      "requires": {
        "lodash": "4.17.10"
      }
    },
    "british_american_translate": {
      "version": "1.0.1",
      "resolved": "https://registry.npmjs.org/british_american_translate/-/british_american_translate-1.0.1.tgz",
      "integrity": "sha512-8ZEQtFVuLLsSAJDe/3FfWr5ZSOG8424gCwCLWK/S/omU9699wPtEtwhg7m9qltww+lXKRStrmBEY33yu5KzpAw=="
    },
    "happynodetokenizer": {
      "version": "0.4.0",
      "resolved": "https://registry.npmjs.org/happynodetokenizer/-/happynodetokenizer-0.4.0.tgz",
      "integrity": "sha512-c7b68nQXhCjzaCuBoEbZshG+SjZq3j3NiTMZKRpez6mvKAFvorCAPJLz46orMPCPfy/rHAWZ5XuZvn6LiJVRtw==",
      "requires": {
        "he": "1.1.1"
      }
    },
    "he": {
      "version": "1.1.1",
      "resolved": "https://registry.npmjs.org/he/-/he-1.1.1.tgz",
      "integrity": "sha1-k0EP0hsAlzUVH4howvJx80J+I/0="
    },
    "lex-helpers": {
      "version": "0.3.0",
      "resolved": "https://registry.npmjs.org/lex-helpers/-/lex-helpers-0.3.0.tgz",
      "integrity": "sha512-9cNhEuEr1ZKvn4ezFkPaxL/+TqahsC0SdtciG/PjewfAUUZmolLyXt2egaaPTotJVje/RzjyatG13LDmFGi4QA==",
      "requires": {
        "async": "2.6.0"
      }
    },
    "lodash": {
      "version": "4.17.10",
      "resolved": "https://registry.npmjs.org/lodash/-/lodash-4.17.10.tgz",
      "integrity": "sha512-UejweD1pDoXu+AD825lWwp4ZGtSwgnpZxb3JDViD7StjQz+Nb/6l093lx4OQ0foGWNRoc19mWy7BzL+UAK2iVg=="
    },
    "simplengrams": {
      "version": "0.3.2",
      "resolved": "https://registry.npmjs.org/simplengrams/-/simplengrams-0.3.2.tgz",
      "integrity": "sha512-yzmGh235ai455kU3/eaSa3N8/op/gTiW4N2sx0KNOzXZ6P4eWChz6/3L17PbIg6VN1RAxqJ0DuRTgvFmk//+SQ==",
      "requires": {
        "happynodetokenizer": "0.4.0"
      }
    }
  }
}
