{
  "name": "bigfive",
  "version": "0.4.0",
  "lockfileVersion": 1,
  "requires": true,
  "dependencies": {
    "happynodetokenizer": {
      "version": "0.1.2",
      "resolved": "https://registry.npmjs.org/happynodetokenizer/-/happynodetokenizer-0.1.2.tgz",
      "integrity": "sha512-nJNKkDLbQ9rCRU/qmIBuFQzarm9LEqHO90xNF1F0DdA1H8uR49ADcPOgnD8g899GSh6A8Yz+q8wVZbwQjsJCwg==",
      "requires": {
        "he": "1.1.1"
      }
    },
    "he": {
      "version": "1.1.1",
      "resolved": "https://registry.npmjs.org/he/-/he-1.1.1.tgz",
      "integrity": "sha1-k0EP0hsAlzUVH4howvJx80J+I/0="
    },
    "simplengrams": {
      "version": "0.0.3",
      "resolved": "https://registry.npmjs.org/simplengrams/-/simplengrams-0.0.3.tgz",
      "integrity": "sha512-3eP+uWAh3J4rsU4P8qznOd1LBGvMFJvB+XgSqooZDvpjuHS1eMHkO1rfpDfo9tYFkCMDpGMWILw/xMTdvplTRw==",
      "requires": {
        "happynodetokenizer": "0.1.2"
      }
    }
  }
}
