{
  "name": "bigfive",
  "version": "1.1.1",
  "lockfileVersion": 1,
  "requires": true,
  "dependencies": {
    "happynodetokenizer": {
      "version": "0.2.1",
      "resolved": "https://registry.npmjs.org/happynodetokenizer/-/happynodetokenizer-0.2.1.tgz",
      "integrity": "sha512-yEDwMvkTNbeLSeO0HP8FO3IVRbHHEiqa23S0ZyhEOe/PyUFIdjZuo9IOS8dCo/NOGSTIAybVTCI7WxdDz8VBdw==",
      "requires": {
        "he": "1.1.1"
      }
    },
    "he": {
      "version": "1.1.1",
      "resolved": "https://registry.npmjs.org/he/-/he-1.1.1.tgz",
      "integrity": "sha1-k0EP0hsAlzUVH4howvJx80J+I/0="
    },
    "lex-helpers": {
      "version": "0.0.5",
      "resolved": "https://registry.npmjs.org/lex-helpers/-/lex-helpers-0.0.5.tgz",
      "integrity": "sha512-PCmBrbOSBRMyYXewnWfKuYgkCmv6uxymFUjfsaN3TnFonlUbtHSMGUREgcJHjMBnEnE5m741sz4SR5P1mvHMFg=="
    },
    "simplengrams": {
      "version": "0.1.1",
      "resolved": "https://registry.npmjs.org/simplengrams/-/simplengrams-0.1.1.tgz",
      "integrity": "sha512-T7YUHSbdic7ll7+vU/WyERneAtT7Rqr5Ge/9iaoPSHue5xrLuCDobrafqg305Af0rGRfv8SYaCRWujSHzRYV1w==",
      "requires": {
        "happynodetokenizer": "0.2.1"
      }
    }
  }
}
